{
  "name": "Api",
  "version": "1.0.0",
  "lockfileVersion": 2,
  "requires": true,
  "packages": {
    "": {
      "version": "1.0.0",
      "license": "ISC",
      "devDependencies": {
        "nodemon": "npm:undefined@*"
      }
    },
    "node_modules/nodemon": {
      "dev": true
    }
  },
  "dependencies": {
    "nodemon": {
      "dev": true
    }
  }
}
